// !$*UTF8*$!
{
	archiveVersion = 1;
	classes = {
	};
	objectVersion = 46;
	objects = {

/* Begin PBXBuildFile section */
		05E8B7551E2813B000BBCEFE /* AppDelegate.swift in Sources */ = {isa = PBXBuildFile; fileRef = 05E8B7541E2813B000BBCEFE /* AppDelegate.swift */; };
		05E8B7571E2813B000BBCEFE /* ViewController.swift in Sources */ = {isa = PBXBuildFile; fileRef = 05E8B7561E2813B000BBCEFE /* ViewController.swift */; };
		05E8B75A1E2813B000BBCEFE /* Main.storyboard in Resources */ = {isa = PBXBuildFile; fileRef = 05E8B7581E2813B000BBCEFE /* Main.storyboard */; };
		05E8B75C1E2813B000BBCEFE /* Assets.xcassets in Resources */ = {isa = PBXBuildFile; fileRef = 05E8B75B1E2813B000BBCEFE /* Assets.xcassets */; };
		05E8B75F1E2813B000BBCEFE /* LaunchScreen.storyboard in Resources */ = {isa = PBXBuildFile; fileRef = 05E8B75D1E2813B000BBCEFE /* LaunchScreen.storyboard */; };
/* End PBXBuildFile section */

/* Begin PBXFileReference section */
		05E8B7511E2813B000BBCEFE /* AnimatedOnboarding.app */ = {isa = PBXFileReference; explicitFileType = wrapper.application; includeInIndex = 0; path = AnimatedOnboarding.app; sourceTree = BUILT_PRODUCTS_DIR; };
		05E8B7541E2813B000BBCEFE /* AppDelegate.swift */ = {isa = PBXFileReference; lastKnownFileType = sourcecode.swift; path = AppDelegate.swift; sourceTree = "<group>"; };
		05E8B7561E2813B000BBCEFE /* ViewController.swift */ = {isa = PBXFileReference; lastKnownFileType = sourcecode.swift; path = ViewController.swift; sourceTree = "<group>"; };
		05E8B7591E2813B000BBCEFE /* Base */ = {isa = PBXFileReference; lastKnownFileType = file.storyboard; name = Base; path = Base.lproj/Main.storyboard; sourceTree = "<group>"; };
		05E8B75B1E2813B000BBCEFE /* Assets.xcassets */ = {isa = PBXFileReference; lastKnownFileType = folder.assetcatalog; path = Assets.xcassets; sourceTree = "<group>"; };
		05E8B75E1E2813B000BBCEFE /* Base */ = {isa = PBXFileReference; lastKnownFileType = file.storyboard; name = Base; path = Base.lproj/LaunchScreen.storyboard; sourceTree = "<group>"; };
		05E8B7601E2813B000BBCEFE /* Info.plist */ = {isa = PBXFileReference; lastKnownFileType = text.plist.xml; path = Info.plist; sourceTree = "<group>"; };
/* End PBXFileReference section */

/* Begin PBXFrameworksBuildPhase section */
		05E8B74E1E2813B000BBCEFE /* Frameworks */ = {
			isa = PBXFrameworksBuildPhase;
			buildActionMask = 2147483647;
			files = (
			);
			runOnlyForDeploymentPostprocessing = 0;
		};
/* End PBXFrameworksBuildPhase section */

/* Begin PBXGroup section */
		05E8B7481E2813B000BBCEFE = {
			isa = PBXGroup;
			children = (
				05E8B7531E2813B000BBCEFE /* AnimatedOnboarding */,
				05E8B7521E2813B000BBCEFE /* Products */,
			);
			sourceTree = "<group>";
		};
		05E8B7521E2813B000BBCEFE /* Products */ = {
			isa = PBXGroup;
			children = (
				05E8B7511E2813B000BBCEFE /* AnimatedOnboarding.app */,
			);
			name = Products;
			sourceTree = "<group>";
		};
		05E8B7531E2813B000BBCEFE /* AnimatedOnboarding */ = {
			isa = PBXGroup;
			children = (
				05E8B7541E2813B000BBCEFE /* AppDelegate.swift */,
				05E8B7561E2813B000BBCEFE /* ViewController.swift */,
				05E8B7581E2813B000BBCEFE /* Main.storyboard */,
				05E8B75B1E2813B000BBCEFE /* Assets.xcassets */,
				05E8B75D1E2813B000BBCEFE /* LaunchScreen.storyboard */,
				05E8B7601E2813B000BBCEFE /* Info.plist */,
			);
			path = AnimatedOnboarding;
			sourceTree = "<group>";
		};
/* End PBXGroup section */

/* Begin PBXNativeTarget section */
		05E8B7501E2813B000BBCEFE /* AnimatedOnboarding */ = {
			isa = PBXNativeTarget;
			buildConfigurationList = 05E8B7631E2813B000BBCEFE /* Build configuration list for PBXNativeTarget "AnimatedOnboarding" */;
			buildPhases = (
				05E8B74D1E2813B000BBCEFE /* Sources */,
				05E8B74E1E2813B000BBCEFE /* Frameworks */,
				05E8B74F1E2813B000BBCEFE /* Resources */,
			);
			buildRules = (
			);
			dependencies = (
			);
			name = AnimatedOnboarding;
			productName = AnimatedOnboarding;
			productReference = 05E8B7511E2813B000BBCEFE /* AnimatedOnboarding.app */;
			productType = "com.apple.product-type.application";
		};
/* End PBXNativeTarget section */

/* Begin PBXProject section */
		05E8B7491E2813B000BBCEFE /* Project object */ = {
			isa = PBXProject;
			attributes = {
				LastSwiftUpdateCheck = 0820;
				LastUpgradeCheck = 0820;
				ORGANIZATIONNAME = "Eliel Gordon";
				TargetAttributes = {
					05E8B7501E2813B000BBCEFE = {
						CreatedOnToolsVersion = 8.2.1;
						DevelopmentTeam = F7AL96RPTB;
						ProvisioningStyle = Automatic;
					};
				};
			};
			buildConfigurationList = 05E8B74C1E2813B000BBCEFE /* Build configuration list for PBXProject "AnimatedOnboarding" */;
			compatibilityVersion = "Xcode 3.2";
			developmentRegion = English;
			hasScannedForEncodings = 0;
			knownRegions = (
				en,
				Base,
			);
			mainGroup = 05E8B7481E2813B000BBCEFE;
			productRefGroup = 05E8B7521E2813B000BBCEFE /* Products */;
			projectDirPath = "";
			projectRoot = "";
			targets = (
				05E8B7501E2813B000BBCEFE /* AnimatedOnboarding */,
			);
		};
/* End PBXProject section */

/* Begin PBXResourcesBuildPhase section */
		05E8B74F1E2813B000BBCEFE /* Resources */ = {
			isa = PBXResourcesBuildPhase;
			buildActionMask = 2147483647;
			files = (
				05E8B75F1E2813B000BBCEFE /* LaunchScreen.storyboard in Resources */,
				05E8B75C1E2813B000BBCEFE /* Assets.xcassets in Resources */,
				05E8B75A1E2813B000BBCEFE /* Main.storyboard in Resources */,
			);
			runOnlyForDeploymentPostprocessing = 0;
		};
/* End PBXResourcesBuildPhase section */

/* Begin PBXSourcesBuildPhase section */
		05E8B74D1E2813B000BBCEFE /* Sources */ = {
			isa = PBXSourcesBuildPhase;
			buildActionMask = 2147483647;
			files = (
				05E8B7571E2813B000BBCEFE /* ViewController.swift in Sources */,
				05E8B7551E2813B000BBCEFE /* AppDelegate.swift in Sources */,
			);
			runOnlyForDeploymentPostprocessing = 0;
		};
/* End PBXSourcesBuildPhase section */

/* Begin PBXVariantGroup section */
		05E8B7581E2813B000BBCEFE /* Main.storyboard */ = {
			isa = PBXVariantGroup;
			children = (
				05E8B7591E2813B000BBCEFE /* Base */,
			);
			name = Main.storyboard;
			sourceTree = "<group>";
		};
		05E8B75D1E2813B000BBCEFE /* LaunchScreen.storyboard */ = {
			isa = PBXVariantGroup;
			children = (
				05E8B75E1E2813B000BBCEFE /* Base */,
			);
			name = LaunchScreen.storyboard;
			sourceTree = "<group>";
		};
/* End PBXVariantGroup section */

/* Begin XCBuildConfiguration section */
		05E8B7611E2813B000BBCEFE /* Debug */ = {
			isa = XCBuildConfiguration;
			buildSettings = {
				ALWAYS_SEARCH_USER_PATHS = NO;
				CLANG_ANALYZER_NONNULL = YES;
				CLANG_CXX_LANGUAGE_STANDARD = "gnu++0x";
				CLANG_CXX_LIBRARY = "libc++";
				CLANG_ENABLE_MODULES = YES;
				CLANG_ENABLE_OBJC_ARC = YES;
				CLANG_WARN_BOOL_CONVERSION = YES;
				CLANG_WARN_CONSTANT_CONVERSION = YES;
				CLANG_WARN_DIRECT_OBJC_ISA_USAGE = YES_ERROR;
				CLANG_WARN_DOCUMENTATION_COMMENTS = YES;
				CLANG_WARN_EMPTY_BODY = YES;
				CLANG_WARN_ENUM_CONVERSION = YES;
				CLANG_WARN_INFINITE_RECURSION = YES;
				CLANG_WARN_INT_CONVERSION = YES;
				CLANG_WARN_OBJC_ROOT_CLASS = YES_ERROR;
				CLANG_WARN_SUSPICIOUS_MOVE = YES;
				CLANG_WARN_UNREACHABLE_CODE = YES;
				CLANG_WARN__DUPLICATE_METHOD_MATCH = YES;
				"CODE_SIGN_IDENTITY[sdk=iphoneos*]" = "iPhone Developer";
				COPY_PHASE_STRIP = NO;
				DEBUG_INFORMATION_FORMAT = dwarf;
				ENABLE_STRICT_OBJC_MSGSEND = YES;
				ENABLE_TESTABILITY = YES;
				GCC_C_LANGUAGE_STANDARD = gnu99;
				GCC_DYNAMIC_NO_PIC = NO;
				GCC_NO_COMMON_BLOCKS = YES;
				GCC_OPTIMIZATION_LEVEL = 0;
				GCC_PREPROCESSOR_DEFINITIONS = (
					"DEBUG=1",
					"$(inherited)",
				);
				GCC_WARN_64_TO_32_BIT_CONVERSION = YES;
				GCC_WARN_ABOUT_RETURN_TYPE = YES_ERROR;
				GCC_WARN_UNDECLARED_SELECTOR = YES;
				GCC_WARN_UNINITIALIZED_AUTOS = YES_AGGRESSIVE;
				GCC_WARN_UNUSED_FUNCTION = YES;
				GCC_WARN_UNUSED_VARIABLE = YES;
				IPHONEOS_DEPLOYMENT_TARGET = 10.2;
				MTL_ENABLE_DEBUG_INFO = YES;
				ONLY_ACTIVE_ARCH = YES;
				SDKROOT = iphoneos;
				SWIFT_ACTIVE_COMPILATION_CONDITIONS = DEBUG;
				SWIFT_OPTIMIZATION_LEVEL = "-Onone";
				TARGETED_DEVICE_FAMILY = "1,2";
			};
			name = Debug;
		};
		05E8B7621E2813B000BBCEFE /* Release */ = {
			isa = XCBuildConfiguration;
			buildSettings = {
				ALWAYS_SEARCH_USER_PATHS = NO;
				CLANG_ANALYZER_NONNULL = YES;
				CLANG_CXX_LANGUAGE_STANDARD = "gnu++0x";
				CLANG_CXX_LIBRARY = "libc++";
				CLANG_ENABLE_MODULES = YES;
				CLANG_ENABLE_OBJC_ARC = YES;
				CLANG_WARN_BOOL_CONVERSION = YES;
				CLANG_WARN_CONSTANT_CONVERSION = YES;
				CLANG_WARN_DIRECT_OBJC_ISA_USAGE = YES_ERROR;
				CLANG_WARN_DOCUMENTATION_COMMENTS = YES;
				CLANG_WARN_EMPTY_BODY = YES;
				CLANG_WARN_ENUM_CONVERSION = YES;
				CLANG_WARN_INFINITE_RECURSION = YES;
				CLANG_WARN_INT_CONVERSION = YES;
				CLANG_WARN_OBJC_ROOT_CLASS = YES_ERROR;
				CLANG_WARN_SUSPICIOUS_MOVE = YES;
				CLANG_WARN_UNREACHABLE_CODE = YES;
				CLANG_WARN__DUPLICATE_METHOD_MATCH = YES;
				"CODE_SIGN_IDENTITY[sdk=iphoneos*]" = "iPhone Developer";
				COPY_PHASE_STRIP = NO;
				DEBUG_INFORMATION_FORMAT = "dwarf-with-dsym";
				ENABLE_NS_ASSERTIONS = NO;
				ENABLE_STRICT_OBJC_MSGSEND = YES;
				GCC_C_LANGUAGE_STANDARD = gnu99;
				GCC_NO_COMMON_BLOCKS = YES;
				GCC_WARN_64_TO_32_BIT_CONVERSION = YES;
				GCC_WARN_ABOUT_RETURN_TYPE = YES_ERROR;
				GCC_WARN_UNDECLARED_SELECTOR = YES;
				GCC_WARN_UNINITIALIZED_AUTOS = YES_AGGRESSIVE;
				GCC_WARN_UNUSED_FUNCTION = YES;
				GCC_WARN_UNUSED_VARIABLE = YES;
				IPHONEOS_DEPLOYMENT_TARGET = 10.2;
				MTL_ENABLE_DEBUG_INFO = NO;
				SDKROOT = iphoneos;
				SWIFT_OPTIMIZATION_LEVEL = "-Owholemodule";
				TARGETED_DEVICE_FAMILY = "1,2";
				VALIDATE_PRODUCT = YES;
			};
			name = Release;
		};
		05E8B7641E2813B000BBCEFE /* Debug */ = {
			isa = XCBuildConfiguration;
			buildSettings = {
				ASSETCATALOG_COMPILER_APPICON_NAME = AppIcon;
				DEVELOPMENT_TEAM = F7AL96RPTB;
				INFOPLIST_FILE = AnimatedOnboarding/Info.plist;
				LD_RUNPATH_SEARCH_PATHS = "$(inherited) @executable_path/Frameworks";
				PRODUCT_BUNDLE_IDENTIFIER = gordoneliel.AnimatedOnboarding;
				PRODUCT_NAME = "$(TARGET_NAME)";
				SWIFT_VERSION = 3.0;
			};
			name = Debug;
		};
		05E8B7651E2813B000BBCEFE /* Release */ = {
			isa = XCBuildConfiguration;
			buildSettings = {
				ASSETCATALOG_COMPILER_APPICON_NAME = AppIcon;
				DEVELOPMENT_TEAM = F7AL96RPTB;
				INFOPLIST_FILE = AnimatedOnboarding/Info.plist;
				LD_RUNPATH_SEARCH_PATHS = "$(inherited) @executable_path/Frameworks";
				PRODUCT_BUNDLE_IDENTIFIER = gordoneliel.AnimatedOnboarding;
				PRODUCT_NAME = "$(TARGET_NAME)";
				SWIFT_VERSION = 3.0;
			};
			name = Release;
		};
/* End XCBuildConfiguration section */

/* Begin XCConfigurationList section */
		05E8B74C1E2813B000BBCEFE /* Build configuration list for PBXProject "AnimatedOnboarding" */ = {
			isa = XCConfigurationList;
			buildConfigurations = (
				05E8B7611E2813B000BBCEFE /* Debug */,
				05E8B7621E2813B000BBCEFE /* Release */,
			);
			defaultConfigurationIsVisible = 0;
			defaultConfigurationName = Release;
		};
		05E8B7631E2813B000BBCEFE /* Build configuration list for PBXNativeTarget "AnimatedOnboarding" */ = {
			isa = XCConfigurationList;
			buildConfigurations = (
				05E8B7641E2813B000BBCEFE /* Debug */,
				05E8B7651E2813B000BBCEFE /* Release */,
			);
			defaultConfigurationIsVisible = 0;
		};
/* End XCConfigurationList section */
	};
	rootObject = 05E8B7491E2813B000BBCEFE /* Project object */;
}
